
Microsoft Visual Studio Solution File, Format Version 11.00
# Visual Studio 2010
Project("{F184B08F-C81C-45F6-A57F-5ABD9991F28F}") = "Periodic.Net", "Periodic.Net\Periodic.Net.vbproj", "{95EBC909-1E90-4CA2-939A-0242BF9F7CA3}"
EndProject
Global
	GlobalSection(SolutionConfigurationPlatforms) = preSolution
		Debug|x86 = Debug|x86
		Release|x86 = Release|x86
	EndGlobalSection
	GlobalSection(ProjectConfigurationPlatforms) = postSolution
		{95EBC909-1E90-4CA2-939A-0242BF9F7CA3}.Debug|x86.ActiveCfg = Debug|x86
		{95EBC909-1E90-4CA2-939A-0242BF9F7CA3}.Debug|x86.Build.0 = Debug|x86
		{95EBC909-1E90-4CA2-939A-0242BF9F7CA3}.Release|x86.ActiveCfg = Release|x86
		{95EBC909-1E90-4CA2-939A-0242BF9F7CA3}.Release|x86.Build.0 = Release|x86
	EndGlobalSection
	GlobalSection(SolutionProperties) = preSolution
		HideSolutionNode = FALSE
	EndGlobalSection
EndGlobal
